
Microsoft Visual Studio Solution File, Format Version 12.00
# Visual Studio Version 17
VisualStudioVersion = 17.3.32825.248
MinimumVisualStudioVersion = 10.0.40219.1
Project("{FAE04EC0-301F-11D3-BF4B-00C04F79EFBC}") = "WebApplication1", "WebApplication1\WebApplication1.csproj", "{CC5CD56C-137B-49EA-89E1-704B6739D665}"
EndProject
Global
	GlobalSection(SolutionConfigurationPlatforms) = preSolution
		Debug|Any CPU = Debug|Any CPU
		Release|Any CPU = Release|Any CPU
	EndGlobalSection
	GlobalSection(ProjectConfigurationPlatforms) = postSolution
		{CC5CD56C-137B-49EA-89E1-704B6739D665}.Debug|Any CPU.ActiveCfg = Debug|Any CPU
		{CC5CD56C-137B-49EA-89E1-704B6739D665}.Debug|Any CPU.Build.0 = Debug|Any CPU
		{CC5CD56C-137B-49EA-89E1-704B6739D665}.Release|Any CPU.ActiveCfg = Release|Any CPU
		{CC5CD56C-137B-49EA-89E1-704B6739D665}.Release|Any CPU.Build.0 = Release|Any CPU
	EndGlobalSection
	GlobalSection(SolutionProperties) = preSolution
		HideSolutionNode = FALSE
	EndGlobalSection
	GlobalSection(ExtensibilityGlobals) = postSolution
		SolutionGuid = {42CC9887-61EF-4BAA-B845-D01167ADB9A3}
	EndGlobalSection
EndGlobal
